
Microsoft Visual Studio Solution File, Format Version 12.00
# Visual Studio Version 17
VisualStudioVersion = 17.0.32112.339
MinimumVisualStudioVersion = 10.0.40219.1
Project("{FAE04EC0-301F-11D3-BF4B-00C04F79EFBC}") = "Program", "Program\Program.csproj", "{8DCF1064-C9FF-4888-B57C-64315FAF9AD5}"
EndProject
Project("{2150E333-8FDC-42A3-9474-1A3956D46DE8}") = "Solution Items", "Solution Items", "{675D314A-6680-4391-B416-325C124CA1D2}"
	ProjectSection(SolutionItems) = preProject
		.editorconfig = .editorconfig
	EndProjectSection
EndProject
Global
	GlobalSection(SolutionConfigurationPlatforms) = preSolution
		Debug|Any CPU = Debug|Any CPU
		Release|Any CPU = Release|Any CPU
	EndGlobalSection
	GlobalSection(ProjectConfigurationPlatforms) = postSolution
		{8DCF1064-C9FF-4888-B57C-64315FAF9AD5}.Debug|Any CPU.ActiveCfg = Debug|Any CPU
		{8DCF1064-C9FF-4888-B57C-64315FAF9AD5}.Debug|Any CPU.Build.0 = Debug|Any CPU
		{8DCF1064-C9FF-4888-B57C-64315FAF9AD5}.Release|Any CPU.ActiveCfg = Release|Any CPU
		{8DCF1064-C9FF-4888-B57C-64315FAF9AD5}.Release|Any CPU.Build.0 = Release|Any CPU
	EndGlobalSection
	GlobalSection(SolutionProperties) = preSolution
		HideSolutionNode = FALSE
	EndGlobalSection
	GlobalSection(ExtensibilityGlobals) = postSolution
		SolutionGuid = {109B0122-7155-4A59-8DCA-F0870F3439B8}
	EndGlobalSection
EndGlobal
