
Microsoft Visual Studio Solution File, Format Version 12.00
# Visual Studio Version 17
VisualStudioVersion = 17.0.32112.339
MinimumVisualStudioVersion = 10.0.40219.1
Project("{FAE04EC0-301F-11D3-BF4B-00C04F79EFBC}") = "Exercises", "Exercises\Exercises.csproj", "{750AB377-C1F7-4997-86BD-240C7A09837F}"
EndProject
Global
	GlobalSection(SolutionConfigurationPlatforms) = preSolution
		Debug|Any CPU = Debug|Any CPU
		Release|Any CPU = Release|Any CPU
	EndGlobalSection
	GlobalSection(ProjectConfigurationPlatforms) = postSolution
		{750AB377-C1F7-4997-86BD-240C7A09837F}.Debug|Any CPU.ActiveCfg = Debug|Any CPU
		{750AB377-C1F7-4997-86BD-240C7A09837F}.Debug|Any CPU.Build.0 = Debug|Any CPU
		{750AB377-C1F7-4997-86BD-240C7A09837F}.Release|Any CPU.ActiveCfg = Release|Any CPU
		{750AB377-C1F7-4997-86BD-240C7A09837F}.Release|Any CPU.Build.0 = Release|Any CPU
	EndGlobalSection
	GlobalSection(SolutionProperties) = preSolution
		HideSolutionNode = FALSE
	EndGlobalSection
	GlobalSection(ExtensibilityGlobals) = postSolution
		SolutionGuid = {12F0DB0A-C712-4F0F-AA3D-804A8803FC5B}
	EndGlobalSection
EndGlobal
